
Microsoft Visual Studio Solution File, Format Version 12.00
# Visual Studio Version 16
VisualStudioVersion = 16.0.28729.10
MinimumVisualStudioVersion = 10.0.40219.1
Project("{FAE04EC0-301F-11D3-BF4B-00C04F79EFBC}") = "ASPNETCore30WebApplication", "ASPNETCore30WebApplication\ASPNETCore30WebApplication.csproj", "{3BC95DCD-C241-4784-9206-8D90DEC0609B}"
EndProject
Project("{FAE04EC0-301F-11D3-BF4B-00C04F79EFBC}") = "CustomDIWebAPI", "CustomDIWebAPI\CustomDIWebAPI.csproj", "{90F7EF00-302A-42A1-839E-C9A09D2DC5C1}"
EndProject
Global
	GlobalSection(SolutionConfigurationPlatforms) = preSolution
		Debug|Any CPU = Debug|Any CPU
		Release|Any CPU = Release|Any CPU
	EndGlobalSection
	GlobalSection(ProjectConfigurationPlatforms) = postSolution
		{3BC95DCD-C241-4784-9206-8D90DEC0609B}.Debug|Any CPU.ActiveCfg = Debug|Any CPU
		{3BC95DCD-C241-4784-9206-8D90DEC0609B}.Debug|Any CPU.Build.0 = Debug|Any CPU
		{3BC95DCD-C241-4784-9206-8D90DEC0609B}.Release|Any CPU.ActiveCfg = Release|Any CPU
		{3BC95DCD-C241-4784-9206-8D90DEC0609B}.Release|Any CPU.Build.0 = Release|Any CPU
		{90F7EF00-302A-42A1-839E-C9A09D2DC5C1}.Debug|Any CPU.ActiveCfg = Debug|Any CPU
		{90F7EF00-302A-42A1-839E-C9A09D2DC5C1}.Debug|Any CPU.Build.0 = Debug|Any CPU
		{90F7EF00-302A-42A1-839E-C9A09D2DC5C1}.Release|Any CPU.ActiveCfg = Release|Any CPU
		{90F7EF00-302A-42A1-839E-C9A09D2DC5C1}.Release|Any CPU.Build.0 = Release|Any CPU
	EndGlobalSection
	GlobalSection(SolutionProperties) = preSolution
		HideSolutionNode = FALSE
	EndGlobalSection
	GlobalSection(ExtensibilityGlobals) = postSolution
		SolutionGuid = {98AF580C-4788-4D93-986F-5C3A67DE0F1F}
	EndGlobalSection
EndGlobal
